PODS:
  - RongCloudIM/IMKit (4.0.3):
    - RongCloudIM/IMLib
  - RongCloudIM/IMLib (4.0.3)

DEPENDENCIES:
  - RongCloudIM/IMKit (~> 4.0.3)
  - RongCloudIM/IMLib (~> 4.0.3)

SPEC REPOS:
  trunk:
    - RongCloudIM

SPEC CHECKSUMS:
  RongCloudIM: 622c480773925e0cb8c65705d6ae161b28cdcc6f

PODFILE CHECKSUM: dce43afa025f374840f5654724b77e814a8a3d61

COCOAPODS: 1.9.3
